version = 1
revision = 1
requires-python = ">=3.13"

[[package]]
name = "asgiref"
version = "3.8.1"
source = { registry = "https://pypi.org/simple" }
sdist = { url = "https://files.pythonhosted.org/packages/29/38/b3395cc9ad1b56d2ddac9970bc8f4141312dbaec28bc7c218b0dfafd0f42/asgiref-3.8.1.tar.gz", hash = "sha256:c343bd80a0bec947a9860adb4c432ffa7db769836c64238fc34bdc3fec84d590", size = 35186 }
wheels = [
    { url = "https://files.pythonhosted.org/packages/39/e3/893e8757be2612e6c266d9bb58ad2e3651524b5b40cf56761e985a28b13e/asgiref-3.8.1-py3-none-any.whl", hash = "sha256:3e1e3ecc849832fe52ccf2cb6686b7a55f82bb1d6aee72a58826471390335e47", size = 23828 },
]

[[package]]
name = "coverage"
version = "7.8.0"
source = { registry = "https://pypi.org/simple" }
sdist = { url = "https://files.pythonhosted.org/packages/19/4f/2251e65033ed2ce1e68f00f91a0294e0f80c80ae8c3ebbe2f12828c4cd53/coverage-7.8.0.tar.gz", hash = "sha256:7a3d62b3b03b4b6fd41a085f3574874cf946cb4604d2b4d3e8dca8cd570ca501", size = 811872 }
wheels = [
    { url = "https://files.pythonhosted.org/packages/f3/21/87e9b97b568e223f3438d93072479c2f36cc9b3f6b9f7094b9d50232acc0/coverage-7.8.0-cp313-cp313-macosx_10_13_x86_64.whl", hash = "sha256:5ac46d0c2dd5820ce93943a501ac5f6548ea81594777ca585bf002aa8854cacd", size = 211708 },
    { url = "https://files.pythonhosted.org/packages/75/be/882d08b28a0d19c9c4c2e8a1c6ebe1f79c9c839eb46d4fca3bd3b34562b9/coverage-7.8.0-cp313-cp313-macosx_11_0_arm64.whl", hash = "sha256:771eb7587a0563ca5bb6f622b9ed7f9d07bd08900f7589b4febff05f469bea00", size = 211981 },
    { url = "https://files.pythonhosted.org/packages/7a/1d/ce99612ebd58082fbe3f8c66f6d8d5694976c76a0d474503fa70633ec77f/coverage-7.8.0-cp313-cp313-manylinux_2_17_aarch64.manylinux2014_aarch64.whl", hash = "sha256:42421e04069fb2cbcbca5a696c4050b84a43b05392679d4068acbe65449b5c64", size = 245495 },
    { url = "https://files.pythonhosted.org/packages/dc/8d/6115abe97df98db6b2bd76aae395fcc941d039a7acd25f741312ced9a78f/coverage-7.8.0-cp313-cp313-manylinux_2_5_i686.manylinux1_i686.manylinux_2_17_i686.manylinux2014_i686.whl", hash = "sha256:554fec1199d93ab30adaa751db68acec2b41c5602ac944bb19187cb9a41a8067", size = 242538 },
    { url = "https://files.pythonhosted.org/packages/cb/74/2f8cc196643b15bc096d60e073691dadb3dca48418f08bc78dd6e899383e/coverage-7.8.0-cp313-cp313-manylinux_2_5_x86_64.manylinux1_x86_64.manylinux_2_17_x86_64.manylinux2014_x86_64.whl", hash = "sha256:5aaeb00761f985007b38cf463b1d160a14a22c34eb3f6a39d9ad6fc27cb73008", size = 244561 },
    { url = "https://files.pythonhosted.org/packages/22/70/c10c77cd77970ac965734fe3419f2c98665f6e982744a9bfb0e749d298f4/coverage-7.8.0-cp313-cp313-musllinux_1_2_aarch64.whl", hash = "sha256:581a40c7b94921fffd6457ffe532259813fc68eb2bdda60fa8cc343414ce3733", size = 244633 },
    { url = "https://files.pythonhosted.org/packages/38/5a/4f7569d946a07c952688debee18c2bb9ab24f88027e3d71fd25dbc2f9dca/coverage-7.8.0-cp313-cp313-musllinux_1_2_i686.whl", hash = "sha256:f319bae0321bc838e205bf9e5bc28f0a3165f30c203b610f17ab5552cff90323", size = 242712 },
    { url = "https://files.pythonhosted.org/packages/bb/a1/03a43b33f50475a632a91ea8c127f7e35e53786dbe6781c25f19fd5a65f8/coverage-7.8.0-cp313-cp313-musllinux_1_2_x86_64.whl", hash = "sha256:04bfec25a8ef1c5f41f5e7e5c842f6b615599ca8ba8391ec33a9290d9d2db3a3", size = 244000 },
    { url = "https://files.pythonhosted.org/packages/6a/89/ab6c43b1788a3128e4d1b7b54214548dcad75a621f9d277b14d16a80d8a1/coverage-7.8.0-cp313-cp313-win32.whl", hash = "sha256:dd19608788b50eed889e13a5d71d832edc34fc9dfce606f66e8f9f917eef910d", size = 214195 },
    { url = "https://files.pythonhosted.org/packages/12/12/6bf5f9a8b063d116bac536a7fb594fc35cb04981654cccb4bbfea5dcdfa0/coverage-7.8.0-cp313-cp313-win_amd64.whl", hash = "sha256:a9abbccd778d98e9c7e85038e35e91e67f5b520776781d9a1e2ee9d400869487", size = 214998 },
    { url = "https://files.pythonhosted.org/packages/2a/e6/1e9df74ef7a1c983a9c7443dac8aac37a46f1939ae3499424622e72a6f78/coverage-7.8.0-cp313-cp313t-macosx_10_13_x86_64.whl", hash = "sha256:18c5ae6d061ad5b3e7eef4363fb27a0576012a7447af48be6c75b88494c6cf25", size = 212541 },
    { url = "https://files.pythonhosted.org/packages/04/51/c32174edb7ee49744e2e81c4b1414ac9df3dacfcb5b5f273b7f285ad43f6/coverage-7.8.0-cp313-cp313t-macosx_11_0_arm64.whl", hash = "sha256:95aa6ae391a22bbbce1b77ddac846c98c5473de0372ba5c463480043a07bff42", size = 212767 },
    { url = "https://files.pythonhosted.org/packages/e9/8f/f454cbdb5212f13f29d4a7983db69169f1937e869a5142bce983ded52162/coverage-7.8.0-cp313-cp313t-manylinux_2_17_aarch64.manylinux2014_aarch64.whl", hash = "sha256:e013b07ba1c748dacc2a80e69a46286ff145935f260eb8c72df7185bf048f502", size = 256997 },
    { url = "https://files.pythonhosted.org/packages/e6/74/2bf9e78b321216d6ee90a81e5c22f912fc428442c830c4077b4a071db66f/coverage-7.8.0-cp313-cp313t-manylinux_2_5_i686.manylinux1_i686.manylinux_2_17_i686.manylinux2014_i686.whl", hash = "sha256:d766a4f0e5aa1ba056ec3496243150698dc0481902e2b8559314368717be82b1", size = 252708 },
    { url = "https://files.pythonhosted.org/packages/92/4d/50d7eb1e9a6062bee6e2f92e78b0998848a972e9afad349b6cdde6fa9e32/coverage-7.8.0-cp313-cp313t-manylinux_2_5_x86_64.manylinux1_x86_64.manylinux_2_17_x86_64.manylinux2014_x86_64.whl", hash = "sha256:ad80e6b4a0c3cb6f10f29ae4c60e991f424e6b14219d46f1e7d442b938ee68a4", size = 255046 },
    { url = "https://files.pythonhosted.org/packages/40/9e/71fb4e7402a07c4198ab44fc564d09d7d0ffca46a9fb7b0a7b929e7641bd/coverage-7.8.0-cp313-cp313t-musllinux_1_2_aarch64.whl", hash = "sha256:b87eb6fc9e1bb8f98892a2458781348fa37e6925f35bb6ceb9d4afd54ba36c73", size = 256139 },
    { url = "https://files.pythonhosted.org/packages/49/1a/78d37f7a42b5beff027e807c2843185961fdae7fe23aad5a4837c93f9d25/coverage-7.8.0-cp313-cp313t-musllinux_1_2_i686.whl", hash = "sha256:d1ba00ae33be84066cfbe7361d4e04dec78445b2b88bdb734d0d1cbab916025a", size = 254307 },
    { url = "https://files.pythonhosted.org/packages/58/e9/8fb8e0ff6bef5e170ee19d59ca694f9001b2ec085dc99b4f65c128bb3f9a/coverage-7.8.0-cp313-cp313t-musllinux_1_2_x86_64.whl", hash = "sha256:f3c38e4e5ccbdc9198aecc766cedbb134b2d89bf64533973678dfcf07effd883", size = 255116 },
    { url = "https://files.pythonhosted.org/packages/56/b0/d968ecdbe6fe0a863de7169bbe9e8a476868959f3af24981f6a10d2b6924/coverage-7.8.0-cp313-cp313t-win32.whl", hash = "sha256:379fe315e206b14e21db5240f89dc0774bdd3e25c3c58c2c733c99eca96f1ada", size = 214909 },
    { url = "https://files.pythonhosted.org/packages/87/e9/d6b7ef9fecf42dfb418d93544af47c940aa83056c49e6021a564aafbc91f/coverage-7.8.0-cp313-cp313t-win_amd64.whl", hash = "sha256:2e4b6b87bb0c846a9315e3ab4be2d52fac905100565f4b92f02c445c8799e257", size = 216068 },
    { url = "https://files.pythonhosted.org/packages/59/f1/4da7717f0063a222db253e7121bd6a56f6fb1ba439dcc36659088793347c/coverage-7.8.0-py3-none-any.whl", hash = "sha256:dbf364b4c5e7bae9250528167dfe40219b62e2d573c854d74be213e1e52069f7", size = 203435 },
]

[[package]]
name = "django"
version = "5.2"
source = { registry = "https://pypi.org/simple" }
dependencies = [
    { name = "asgiref" },
    { name = "sqlparse" },
    { name = "tzdata", marker = "sys_platform == 'win32'" },
]
sdist = { url = "https://files.pythonhosted.org/packages/4c/1b/c6da718c65228eb3a7ff7ba6a32d8e80fa840ca9057490504e099e4dd1ef/Django-5.2.tar.gz", hash = "sha256:1a47f7a7a3d43ce64570d350e008d2949abe8c7e21737b351b6a1611277c6d89", size = 10824891 }
wheels = [
    { url = "https://files.pythonhosted.org/packages/63/e0/6a5b5ea350c5bd63fe94b05e4c146c18facb51229d9dee42aa39f9fc2214/Django-5.2-py3-none-any.whl", hash = "sha256:91ceed4e3a6db5aedced65e3c8f963118ea9ba753fc620831c77074e620e7d83", size = 8301361 },
]

[[package]]
name = "django-debug-toolbar"
version = "5.2.0"
source = { registry = "https://pypi.org/simple" }
dependencies = [
    { name = "django" },
    { name = "sqlparse" },
]
sdist = { url = "https://files.pythonhosted.org/packages/2a/9f/97ba2648f66fa208fc7f19d6895586d08bc5f0ab930a1f41032e60f31a41/django_debug_toolbar-5.2.0.tar.gz", hash = "sha256:9e7f0145e1a1b7d78fcc3b53798686170a5b472d9cf085d88121ff823e900821", size = 297901 }
wheels = [
    { url = "https://files.pythonhosted.org/packages/fa/c2/ed3cb815002664349e9e50799b8c00ef15941f4cad797247cadbdeebab02/django_debug_toolbar-5.2.0-py3-none-any.whl", hash = "sha256:15627f4c2836a9099d795e271e38e8cf5204ccd79d5dbcd748f8a6c284dcd195", size = 262834 },
]

[[package]]
name = "django-recipe-generator"
version = "0.1.0"
source = { virtual = "." }
dependencies = [
    { name = "django" },
    { name = "djangorestframework" },
    { name = "gunicorn" },
]

[package.dev-dependencies]
dev = [
    { name = "coverage" },
    { name = "django-debug-toolbar" },
    { name = "flake8" },
    { name = "flake8-docstrings" },
]

[package.metadata]
requires-dist = [
    { name = "django", specifier = ">=5.2" },
    { name = "djangorestframework", specifier = ">=3.16.0" },
    { name = "gunicorn", specifier = ">=23.0.0" },
]

[package.metadata.requires-dev]
dev = [
    { name = "coverage", specifier = ">=7.8.0" },
    { name = "django-debug-toolbar", specifier = ">=5.2.0" },
    { name = "flake8", specifier = ">=7.2.0" },
    { name = "flake8-docstrings", specifier = ">=1.7.0" },
]

[[package]]
name = "djangorestframework"
version = "3.16.0"
source = { registry = "https://pypi.org/simple" }
dependencies = [
    { name = "django" },
]
sdist = { url = "https://files.pythonhosted.org/packages/7d/97/112c5a72e6917949b6d8a18ad6c6e72c46da4290c8f36ee5f1c1dcbc9901/djangorestframework-3.16.0.tar.gz", hash = "sha256:f022ff46613584de994c0c6a4aebbace5fd700555fbe9d33b865ebf173eba6c9", size = 1068408 }
wheels = [
    { url = "https://files.pythonhosted.org/packages/eb/3e/2448e93f4f87fc9a9f35e73e3c05669e0edd0c2526834686e949bb1fd303/djangorestframework-3.16.0-py3-none-any.whl", hash = "sha256:bea7e9f6b96a8584c5224bfb2e4348dfb3f8b5e34edbecb98da258e892089361", size = 1067305 },
]

[[package]]
name = "flake8"
version = "7.2.0"
source = { registry = "https://pypi.org/simple" }
dependencies = [
    { name = "mccabe" },
    { name = "pycodestyle" },
    { name = "pyflakes" },
]
sdist = { url = "https://files.pythonhosted.org/packages/e7/c4/5842fc9fc94584c455543540af62fd9900faade32511fab650e9891ec225/flake8-7.2.0.tar.gz", hash = "sha256:fa558ae3f6f7dbf2b4f22663e5343b6b6023620461f8d4ff2019ef4b5ee70426", size = 48177 }
wheels = [
    { url = "https://files.pythonhosted.org/packages/83/5c/0627be4c9976d56b1217cb5187b7504e7fd7d3503f8bfd312a04077bd4f7/flake8-7.2.0-py2.py3-none-any.whl", hash = "sha256:93b92ba5bdb60754a6da14fa3b93a9361fd00a59632ada61fd7b130436c40343", size = 57786 },
]

[[package]]
name = "flake8-docstrings"
version = "1.7.0"
source = { registry = "https://pypi.org/simple" }
dependencies = [
    { name = "flake8" },
    { name = "pydocstyle" },
]
sdist = { url = "https://files.pythonhosted.org/packages/93/24/f839e3a06e18f4643ccb81370909a497297909f15106e6af2fecdef46894/flake8_docstrings-1.7.0.tar.gz", hash = "sha256:4c8cc748dc16e6869728699e5d0d685da9a10b0ea718e090b1ba088e67a941af", size = 5995 }
wheels = [
    { url = "https://files.pythonhosted.org/packages/3f/7d/76a278fa43250441ed9300c344f889c7fb1817080c8fb8996b840bf421c2/flake8_docstrings-1.7.0-py2.py3-none-any.whl", hash = "sha256:51f2344026da083fc084166a9353f5082b01f72901df422f74b4d953ae88ac75", size = 4994 },
]

[[package]]
name = "gunicorn"
version = "23.0.0"
source = { registry = "https://pypi.org/simple" }
dependencies = [
    { name = "packaging" },
]
sdist = { url = "https://files.pythonhosted.org/packages/34/72/9614c465dc206155d93eff0ca20d42e1e35afc533971379482de953521a4/gunicorn-23.0.0.tar.gz", hash = "sha256:f014447a0101dc57e294f6c18ca6b40227a4c90e9bdb586042628030cba004ec", size = 375031 }
wheels = [
    { url = "https://files.pythonhosted.org/packages/cb/7d/6dac2a6e1eba33ee43f318edbed4ff29151a49b5d37f080aad1e6469bca4/gunicorn-23.0.0-py3-none-any.whl", hash = "sha256:ec400d38950de4dfd418cff8328b2c8faed0edb0d517d3394e457c317908ca4d", size = 85029 },
]

[[package]]
name = "mccabe"
version = "0.7.0"
source = { registry = "https://pypi.org/simple" }
sdist = { url = "https://files.pythonhosted.org/packages/e7/ff/0ffefdcac38932a54d2b5eed4e0ba8a408f215002cd178ad1df0f2806ff8/mccabe-0.7.0.tar.gz", hash = "sha256:348e0240c33b60bbdf4e523192ef919f28cb2c3d7d5c7794f74009290f236325", size = 9658 }
wheels = [
    { url = "https://files.pythonhosted.org/packages/27/1a/1f68f9ba0c207934b35b86a8ca3aad8395a3d6dd7921c0686e23853ff5a9/mccabe-0.7.0-py2.py3-none-any.whl", hash = "sha256:6c2d30ab6be0e4a46919781807b4f0d834ebdd6c6e3dca0bda5a15f863427b6e", size = 7350 },
]

[[package]]
name = "packaging"
version = "25.0"
source = { registry = "https://pypi.org/simple" }
sdist = { url = "https://files.pythonhosted.org/packages/a1/d4/1fc4078c65507b51b96ca8f8c3ba19e6a61c8253c72794544580a7b6c24d/packaging-25.0.tar.gz", hash = "sha256:d443872c98d677bf60f6a1f2f8c1cb748e8fe762d2bf9d3148b5599295b0fc4f", size = 165727 }
wheels = [
    { url = "https://files.pythonhosted.org/packages/20/12/38679034af332785aac8774540895e234f4d07f7545804097de4b666afd8/packaging-25.0-py3-none-any.whl", hash = "sha256:29572ef2b1f17581046b3a2227d5c611fb25ec70ca1ba8554b24b0e69331a484", size = 66469 },
]

[[package]]
name = "pycodestyle"
version = "2.13.0"
source = { registry = "https://pypi.org/simple" }
sdist = { url = "https://files.pythonhosted.org/packages/04/6e/1f4a62078e4d95d82367f24e685aef3a672abfd27d1a868068fed4ed2254/pycodestyle-2.13.0.tar.gz", hash = "sha256:c8415bf09abe81d9c7f872502a6eee881fbe85d8763dd5b9924bb0a01d67efae", size = 39312 }
wheels = [
    { url = "https://files.pythonhosted.org/packages/07/be/b00116df1bfb3e0bb5b45e29d604799f7b91dd861637e4d448b4e09e6a3e/pycodestyle-2.13.0-py2.py3-none-any.whl", hash = "sha256:35863c5974a271c7a726ed228a14a4f6daf49df369d8c50cd9a6f58a5e143ba9", size = 31424 },
]

[[package]]
name = "pydocstyle"
version = "6.3.0"
source = { registry = "https://pypi.org/simple" }
dependencies = [
    { name = "snowballstemmer" },
]
sdist = { url = "https://files.pythonhosted.org/packages/e9/5c/d5385ca59fd065e3c6a5fe19f9bc9d5ea7f2509fa8c9c22fb6b2031dd953/pydocstyle-6.3.0.tar.gz", hash = "sha256:7ce43f0c0ac87b07494eb9c0b462c0b73e6ff276807f204d6b53edc72b7e44e1", size = 36796 }
wheels = [
    { url = "https://files.pythonhosted.org/packages/36/ea/99ddefac41971acad68f14114f38261c1f27dac0b3ec529824ebc739bdaa/pydocstyle-6.3.0-py3-none-any.whl", hash = "sha256:118762d452a49d6b05e194ef344a55822987a462831ade91ec5c06fd2169d019", size = 38038 },
]

[[package]]
name = "pyflakes"
version = "3.3.2"
source = { registry = "https://pypi.org/simple" }
sdist = { url = "https://files.pythonhosted.org/packages/af/cc/1df338bd7ed1fa7c317081dcf29bf2f01266603b301e6858856d346a12b3/pyflakes-3.3.2.tar.gz", hash = "sha256:6dfd61d87b97fba5dcfaaf781171ac16be16453be6d816147989e7f6e6a9576b", size = 64175 }
wheels = [
    { url = "https://files.pythonhosted.org/packages/15/40/b293a4fa769f3b02ab9e387c707c4cbdc34f073f945de0386107d4e669e6/pyflakes-3.3.2-py2.py3-none-any.whl", hash = "sha256:5039c8339cbb1944045f4ee5466908906180f13cc99cc9949348d10f82a5c32a", size = 63164 },
]

[[package]]
name = "snowballstemmer"
version = "2.2.0"
source = { registry = "https://pypi.org/simple" }
sdist = { url = "https://files.pythonhosted.org/packages/44/7b/af302bebf22c749c56c9c3e8ae13190b5b5db37a33d9068652e8f73b7089/snowballstemmer-2.2.0.tar.gz", hash = "sha256:09b16deb8547d3412ad7b590689584cd0fe25ec8db3be37788be3810cbf19cb1", size = 86699 }
wheels = [
    { url = "https://files.pythonhosted.org/packages/ed/dc/c02e01294f7265e63a7315fe086dd1df7dacb9f840a804da846b96d01b96/snowballstemmer-2.2.0-py2.py3-none-any.whl", hash = "sha256:c8e1716e83cc398ae16824e5572ae04e0d9fc2c6b985fb0f900f5f0c96ecba1a", size = 93002 },
]

[[package]]
name = "sqlparse"
version = "0.5.3"
source = { registry = "https://pypi.org/simple" }
sdist = { url = "https://files.pythonhosted.org/packages/e5/40/edede8dd6977b0d3da179a342c198ed100dd2aba4be081861ee5911e4da4/sqlparse-0.5.3.tar.gz", hash = "sha256:09f67787f56a0b16ecdbde1bfc7f5d9c3371ca683cfeaa8e6ff60b4807ec9272", size = 84999 }
wheels = [
    { url = "https://files.pythonhosted.org/packages/a9/5c/bfd6bd0bf979426d405cc6e71eceb8701b148b16c21d2dc3c261efc61c7b/sqlparse-0.5.3-py3-none-any.whl", hash = "sha256:cf2196ed3418f3ba5de6af7e82c694a9fbdbfecccdfc72e281548517081f16ca", size = 44415 },
]

[[package]]
name = "tzdata"
version = "2025.2"
source = { registry = "https://pypi.org/simple" }
sdist = { url = "https://files.pythonhosted.org/packages/95/32/1a225d6164441be760d75c2c42e2780dc0873fe382da3e98a2e1e48361e5/tzdata-2025.2.tar.gz", hash = "sha256:b60a638fcc0daffadf82fe0f57e53d06bdec2f36c4df66280ae79bce6bd6f2b9", size = 196380 }
wheels = [
    { url = "https://files.pythonhosted.org/packages/5c/23/c7abc0ca0a1526a0774eca151daeb8de62ec457e77262b66b359c3c7679e/tzdata-2025.2-py2.py3-none-any.whl", hash = "sha256:1a403fada01ff9221ca8044d701868fa132215d84beb92242d9acd2147f667a8", size = 347839 },
]
